
Microsoft Visual Studio Solution File, Format Version 12.00
# Visual Studio Version 17
VisualStudioVersion = 17.5.33516.290
MinimumVisualStudioVersion = 10.0.40219.1
Project("{FAE04EC0-301F-11D3-BF4B-00C04F79EFBC}") = "IntexII_0305", "IntexII_0305.csproj", "{79E2A34D-FFE4-489A-A21D-C503847851A0}"
EndProject
Global
	GlobalSection(SolutionConfigurationPlatforms) = preSolution
		Debug|Any CPU = Debug|Any CPU
		Release|Any CPU = Release|Any CPU
	EndGlobalSection
	GlobalSection(ProjectConfigurationPlatforms) = postSolution
		{79E2A34D-FFE4-489A-A21D-C503847851A0}.Debug|Any CPU.ActiveCfg = Debug|Any CPU
		{79E2A34D-FFE4-489A-A21D-C503847851A0}.Debug|Any CPU.Build.0 = Debug|Any CPU
		{79E2A34D-FFE4-489A-A21D-C503847851A0}.Release|Any CPU.ActiveCfg = Release|Any CPU
		{79E2A34D-FFE4-489A-A21D-C503847851A0}.Release|Any CPU.Build.0 = Release|Any CPU
	EndGlobalSection
	GlobalSection(SolutionProperties) = preSolution
		HideSolutionNode = FALSE
	EndGlobalSection
	GlobalSection(ExtensibilityGlobals) = postSolution
		SolutionGuid = {0FDBA02D-F65B-4059-B717-F63E2BC49E23}
	EndGlobalSection
EndGlobal
